
Microsoft Visual Studio Solution File, Format Version 12.00
# Visual Studio Version 17
VisualStudioVersion = 17.7.34031.279
MinimumVisualStudioVersion = 10.0.40219.1
Project("{FAE04EC0-301F-11D3-BF4B-00C04F79EFBC}") = "TaskManagementApi", "TaskManagementApi.csproj", "{FE01BC1F-38B8-47F4-94F4-AC4FBA81E8C2}"
EndProject
Global
	GlobalSection(SolutionConfigurationPlatforms) = preSolution
		Debug|Any CPU = Debug|Any CPU
		Release|Any CPU = Release|Any CPU
	EndGlobalSection
	GlobalSection(ProjectConfigurationPlatforms) = postSolution
		{FE01BC1F-38B8-47F4-94F4-AC4FBA81E8C2}.Debug|Any CPU.ActiveCfg = Debug|Any CPU
		{FE01BC1F-38B8-47F4-94F4-AC4FBA81E8C2}.Debug|Any CPU.Build.0 = Debug|Any CPU
		{FE01BC1F-38B8-47F4-94F4-AC4FBA81E8C2}.Release|Any CPU.ActiveCfg = Release|Any CPU
		{FE01BC1F-38B8-47F4-94F4-AC4FBA81E8C2}.Release|Any CPU.Build.0 = Release|Any CPU
	EndGlobalSection
	GlobalSection(SolutionProperties) = preSolution
		HideSolutionNode = FALSE
	EndGlobalSection
	GlobalSection(ExtensibilityGlobals) = postSolution
		SolutionGuid = {73855576-7519-43CE-850D-6C14B12C338D}
	EndGlobalSection
EndGlobal
